
Microsoft Visual Studio Solution File, Format Version 12.00
# Visual Studio Version 17
VisualStudioVersion = 17.14.36518.9 d17.14
MinimumVisualStudioVersion = 10.0.40219.1
Project("{FAE04EC0-301F-11D3-BF4B-00C04F79EFBC}") = "RecepcionHotel", "RecepcionHotel\RecepcionHotel.csproj", "{1DA2E1BF-959D-4DBA-89AC-0D09ACECB591}"
EndProject
Global
	GlobalSection(SolutionConfigurationPlatforms) = preSolution
		Debug|Any CPU = Debug|Any CPU
		Release|Any CPU = Release|Any CPU
	EndGlobalSection
	GlobalSection(ProjectConfigurationPlatforms) = postSolution
		{1DA2E1BF-959D-4DBA-89AC-0D09ACECB591}.Debug|Any CPU.ActiveCfg = Debug|Any CPU
		{1DA2E1BF-959D-4DBA-89AC-0D09ACECB591}.Debug|Any CPU.Build.0 = Debug|Any CPU
		{1DA2E1BF-959D-4DBA-89AC-0D09ACECB591}.Release|Any CPU.ActiveCfg = Release|Any CPU
		{1DA2E1BF-959D-4DBA-89AC-0D09ACECB591}.Release|Any CPU.Build.0 = Release|Any CPU
	EndGlobalSection
	GlobalSection(SolutionProperties) = preSolution
		HideSolutionNode = FALSE
	EndGlobalSection
	GlobalSection(ExtensibilityGlobals) = postSolution
		SolutionGuid = {9AE611FD-2141-439E-B6BB-CEE93C42175A}
	EndGlobalSection
EndGlobal
